{
    "name": "jax",
    "version": "0.0.1",
    "lockfileVersion": 3,
    "requires": true,
    "packages": {
        "": {
            "name": "jax",
            "version": "0.0.1",
            "license": "GPL-3.0-or-later",
            "dependencies": {
                "json-rpc-2.0": "^1.7.0",
                "mathjax": "^4.0.0-beta.7",
                "mathjax-stix2-font": "^4.0.0-beta.7"
            }
        },
        "node_modules/@xmldom/xmldom": {
            "version": "0.8.10",
            "resolved": "https://registry.npmjs.org/@xmldom/xmldom/-/xmldom-0.8.10.tgz",
            "integrity": "sha512-2WALfTl4xo2SkGCYRt6rDTFfk9R1czmBvUQy12gK2KuRKIpWEhcbbzy8EZXtz/jkRqHX8bFEc6FC1HjX4TUWYw==",
            "license": "MIT",
            "engines": {
                "node": ">=10.0.0"
            }
        },
        "node_modules/json-rpc-2.0": {
            "version": "1.7.0",
            "resolved": "https://registry.npmjs.org/json-rpc-2.0/-/json-rpc-2.0-1.7.0.tgz",
            "integrity": "sha512-asnLgC1qD5ytP+fvBP8uL0rvj+l8P6iYICbzZ8dVxCpESffVjzA7KkYkbKCIbavs7cllwH1ZUaNtJwphdeRqpg=="
        },
        "node_modules/mathjax": {
            "version": "4.0.0-beta.7",
            "resolved": "https://registry.npmjs.org/mathjax/-/mathjax-4.0.0-beta.7.tgz",
            "integrity": "sha512-Tk07n0f4fedb/YNXJ5bgHUIW+3ONyLkfUdoZ3wsUeW7yOt6SeAkGAjegICbHuyV3k7bcddWLzDetTyb5LLEwaA==",
            "license": "Apache-2.0",
            "dependencies": {
                "@xmldom/xmldom": "^0.8.10",
                "mathjax-modern-font": "^4.0.0-beta.7",
                "wicked-good-xpath": "^1.3.0"
            }
        },
        "node_modules/mathjax-modern-font": {
            "version": "4.0.0-beta.7",
            "resolved": "https://registry.npmjs.org/mathjax-modern-font/-/mathjax-modern-font-4.0.0-beta.7.tgz",
            "integrity": "sha512-mGrlxuFPRoHpGYyRaXJpfyM9k77XCpH11lIVLO7+VNTFJXIeqnMXv+AGFiYL/GftQpdhPlCg4zqd/JXlse9S0A==",
            "license": "Apache-2.0"
        },
        "node_modules/mathjax-stix2-font": {
            "version": "4.0.0-beta.7",
            "resolved": "https://registry.npmjs.org/mathjax-stix2-font/-/mathjax-stix2-font-4.0.0-beta.7.tgz",
            "integrity": "sha512-8UbnY07rmeyQKlTMSBvf2gJbTutSo9NA3wjyRhjHzAPeAuqRMY6kZjuLSTFk+xbS08OxGnLTt9Wy5HoBaKkZKw=="
        },
        "node_modules/wicked-good-xpath": {
            "version": "1.3.0",
            "resolved": "https://registry.npmjs.org/wicked-good-xpath/-/wicked-good-xpath-1.3.0.tgz",
            "integrity": "sha512-Gd9+TUn5nXdwj/hFsPVx5cuHHiF5Bwuc30jZ4+ronF1qHK5O7HD0sgmXWSEgwKquT3ClLoKPVbO6qGwVwLzvAw==",
            "license": "MIT"
        }
    }
}
